
Microsoft Visual Studio Solution File, Format Version 12.00
# Visual Studio Version 16
VisualStudioVersion = 16.0.29326.143
MinimumVisualStudioVersion = 10.0.40219.1
Project("{2150E333-8FDC-42A3-9474-1A3956D46DE8}") = "Src", "Src", "{540FA6B8-0984-4771-949F-8ACDD5326C12}"
EndProject
Project("{2150E333-8FDC-42A3-9474-1A3956D46DE8}") = "Tests", "Tests", "{03A7E6D8-F798-4FB3-A315-9907891278B0}"
EndProject
Project("{2150E333-8FDC-42A3-9474-1A3956D46DE8}") = "Core", "Core", "{489CEDA9-BC0D-4A45-B694-E1535510C4E0}"
EndProject
Project("{9A19103F-16F7-4668-BE54-9A1E7A4F7556}") = "Domain", "Domain\Domain.csproj", "{E3B7DCF2-99DA-4C5D-BCD9-47343F8DD96A}"
EndProject
Project("{9A19103F-16F7-4668-BE54-9A1E7A4F7556}") = "Application", "Application\Application.csproj", "{8753E6CF-C54F-426A-9DC5-20BA677D39A1}"
EndProject
Project("{9A19103F-16F7-4668-BE54-9A1E7A4F7556}") = "Common", "Common\Common.csproj", "{D71284DE-38DC-418A-B794-D4D1361FF2CB}"
EndProject
Project("{2150E333-8FDC-42A3-9474-1A3956D46DE8}") = "Infra", "Infra", "{197629C7-B15A-460D-BB63-1A36CE0E61F0}"
EndProject
Project("{9A19103F-16F7-4668-BE54-9A1E7A4F7556}") = "Infrastructure", "Infrastructure\Infrastructure.csproj", "{24B09134-5DA9-42A2-9A95-D5AFED4E1AC9}"
EndProject
Project("{9A19103F-16F7-4668-BE54-9A1E7A4F7556}") = "Presistence", "Presistence\Presistence.csproj", "{8EE47C1C-2315-43F6-A9F3-0E431854D411}"
EndProject
Project("{2150E333-8FDC-42A3-9474-1A3956D46DE8}") = "Presentation", "Presentation", "{9B1E838D-8956-4248-AF86-2C2ED29CB05D}"
EndProject
Project("{9A19103F-16F7-4668-BE54-9A1E7A4F7556}") = "SMS_DLL", "SMS_DLL\SMS_DLL.csproj", "{FCB3C06F-B42B-4A2E-8694-5E93258E288E}"
EndProject
Project("{9A19103F-16F7-4668-BE54-9A1E7A4F7556}") = "WebSmsin", "WebSmsin\WebSmsin.csproj", "{76A4F8E6-2187-4EBF-B8AB-54ACD191C317}"
EndProject
Project("{9A19103F-16F7-4668-BE54-9A1E7A4F7556}") = "ServiceSMSIN", "ServiceSMSIN\ServiceSMSIN.csproj", "{B5CA6CF3-D3AE-402A-AEAF-47981EAE8E07}"
EndProject
Project("{9A19103F-16F7-4668-BE54-9A1E7A4F7556}") = "ServiceSMSOUT", "ServiceSMSOUT\ServiceSMSOUT.csproj", "{BF2983D8-FA22-41D1-816F-0762E176CA0D}"
EndProject
Project("{9A19103F-16F7-4668-BE54-9A1E7A4F7556}") = "WebSmsDn", "WebSmsDn\WebSmsDn.csproj", "{FD3FBACB-86E9-4463-9E2D-3F5B9A9935FD}"
EndProject
Project("{FAE04EC0-301F-11D3-BF4B-00C04F79EFBC}") = "ServiceRENEWAL", "ServiceRENEWAL\ServiceRENEWAL.csproj", "{53868C83-6CCF-49A1-8D4F-CE6D11E84F70}"
EndProject
Global
	GlobalSection(SolutionConfigurationPlatforms) = preSolution
		Debug|Any CPU = Debug|Any CPU
		Release|Any CPU = Release|Any CPU
	EndGlobalSection
	GlobalSection(ProjectConfigurationPlatforms) = postSolution
		{E3B7DCF2-99DA-4C5D-BCD9-47343F8DD96A}.Debug|Any CPU.ActiveCfg = Debug|Any CPU
		{E3B7DCF2-99DA-4C5D-BCD9-47343F8DD96A}.Debug|Any CPU.Build.0 = Debug|Any CPU
		{E3B7DCF2-99DA-4C5D-BCD9-47343F8DD96A}.Release|Any CPU.ActiveCfg = Release|Any CPU
		{E3B7DCF2-99DA-4C5D-BCD9-47343F8DD96A}.Release|Any CPU.Build.0 = Release|Any CPU
		{8753E6CF-C54F-426A-9DC5-20BA677D39A1}.Debug|Any CPU.ActiveCfg = Debug|Any CPU
		{8753E6CF-C54F-426A-9DC5-20BA677D39A1}.Debug|Any CPU.Build.0 = Debug|Any CPU
		{8753E6CF-C54F-426A-9DC5-20BA677D39A1}.Release|Any CPU.ActiveCfg = Release|Any CPU
		{8753E6CF-C54F-426A-9DC5-20BA677D39A1}.Release|Any CPU.Build.0 = Release|Any CPU
		{D71284DE-38DC-418A-B794-D4D1361FF2CB}.Debug|Any CPU.ActiveCfg = Debug|Any CPU
		{D71284DE-38DC-418A-B794-D4D1361FF2CB}.Debug|Any CPU.Build.0 = Debug|Any CPU
		{D71284DE-38DC-418A-B794-D4D1361FF2CB}.Release|Any CPU.ActiveCfg = Release|Any CPU
		{D71284DE-38DC-418A-B794-D4D1361FF2CB}.Release|Any CPU.Build.0 = Release|Any CPU
		{24B09134-5DA9-42A2-9A95-D5AFED4E1AC9}.Debug|Any CPU.ActiveCfg = Debug|Any CPU
		{24B09134-5DA9-42A2-9A95-D5AFED4E1AC9}.Debug|Any CPU.Build.0 = Debug|Any CPU
		{24B09134-5DA9-42A2-9A95-D5AFED4E1AC9}.Release|Any CPU.ActiveCfg = Release|Any CPU
		{24B09134-5DA9-42A2-9A95-D5AFED4E1AC9}.Release|Any CPU.Build.0 = Release|Any CPU
		{8EE47C1C-2315-43F6-A9F3-0E431854D411}.Debug|Any CPU.ActiveCfg = Debug|Any CPU
		{8EE47C1C-2315-43F6-A9F3-0E431854D411}.Debug|Any CPU.Build.0 = Debug|Any CPU
		{8EE47C1C-2315-43F6-A9F3-0E431854D411}.Release|Any CPU.ActiveCfg = Release|Any CPU
		{8EE47C1C-2315-43F6-A9F3-0E431854D411}.Release|Any CPU.Build.0 = Release|Any CPU
		{FCB3C06F-B42B-4A2E-8694-5E93258E288E}.Debug|Any CPU.ActiveCfg = Debug|Any CPU
		{FCB3C06F-B42B-4A2E-8694-5E93258E288E}.Debug|Any CPU.Build.0 = Debug|Any CPU
		{FCB3C06F-B42B-4A2E-8694-5E93258E288E}.Release|Any CPU.ActiveCfg = Release|Any CPU
		{FCB3C06F-B42B-4A2E-8694-5E93258E288E}.Release|Any CPU.Build.0 = Release|Any CPU
		{76A4F8E6-2187-4EBF-B8AB-54ACD191C317}.Debug|Any CPU.ActiveCfg = Debug|Any CPU
		{76A4F8E6-2187-4EBF-B8AB-54ACD191C317}.Debug|Any CPU.Build.0 = Debug|Any CPU
		{76A4F8E6-2187-4EBF-B8AB-54ACD191C317}.Release|Any CPU.ActiveCfg = Release|Any CPU
		{76A4F8E6-2187-4EBF-B8AB-54ACD191C317}.Release|Any CPU.Build.0 = Release|Any CPU
		{B5CA6CF3-D3AE-402A-AEAF-47981EAE8E07}.Debug|Any CPU.ActiveCfg = Debug|Any CPU
		{B5CA6CF3-D3AE-402A-AEAF-47981EAE8E07}.Debug|Any CPU.Build.0 = Debug|Any CPU
		{B5CA6CF3-D3AE-402A-AEAF-47981EAE8E07}.Release|Any CPU.ActiveCfg = Release|Any CPU
		{B5CA6CF3-D3AE-402A-AEAF-47981EAE8E07}.Release|Any CPU.Build.0 = Release|Any CPU
		{BF2983D8-FA22-41D1-816F-0762E176CA0D}.Debug|Any CPU.ActiveCfg = Debug|Any CPU
		{BF2983D8-FA22-41D1-816F-0762E176CA0D}.Debug|Any CPU.Build.0 = Debug|Any CPU
		{BF2983D8-FA22-41D1-816F-0762E176CA0D}.Release|Any CPU.ActiveCfg = Release|Any CPU
		{BF2983D8-FA22-41D1-816F-0762E176CA0D}.Release|Any CPU.Build.0 = Release|Any CPU
		{FD3FBACB-86E9-4463-9E2D-3F5B9A9935FD}.Debug|Any CPU.ActiveCfg = Debug|Any CPU
		{FD3FBACB-86E9-4463-9E2D-3F5B9A9935FD}.Debug|Any CPU.Build.0 = Debug|Any CPU
		{FD3FBACB-86E9-4463-9E2D-3F5B9A9935FD}.Release|Any CPU.ActiveCfg = Release|Any CPU
		{FD3FBACB-86E9-4463-9E2D-3F5B9A9935FD}.Release|Any CPU.Build.0 = Release|Any CPU
		{53868C83-6CCF-49A1-8D4F-CE6D11E84F70}.Debug|Any CPU.ActiveCfg = Debug|Any CPU
		{53868C83-6CCF-49A1-8D4F-CE6D11E84F70}.Debug|Any CPU.Build.0 = Debug|Any CPU
		{53868C83-6CCF-49A1-8D4F-CE6D11E84F70}.Release|Any CPU.ActiveCfg = Release|Any CPU
		{53868C83-6CCF-49A1-8D4F-CE6D11E84F70}.Release|Any CPU.Build.0 = Release|Any CPU
	EndGlobalSection
	GlobalSection(SolutionProperties) = preSolution
		HideSolutionNode = FALSE
	EndGlobalSection
	GlobalSection(NestedProjects) = preSolution
		{489CEDA9-BC0D-4A45-B694-E1535510C4E0} = {540FA6B8-0984-4771-949F-8ACDD5326C12}
		{E3B7DCF2-99DA-4C5D-BCD9-47343F8DD96A} = {489CEDA9-BC0D-4A45-B694-E1535510C4E0}
		{8753E6CF-C54F-426A-9DC5-20BA677D39A1} = {489CEDA9-BC0D-4A45-B694-E1535510C4E0}
		{D71284DE-38DC-418A-B794-D4D1361FF2CB} = {489CEDA9-BC0D-4A45-B694-E1535510C4E0}
		{197629C7-B15A-460D-BB63-1A36CE0E61F0} = {540FA6B8-0984-4771-949F-8ACDD5326C12}
		{24B09134-5DA9-42A2-9A95-D5AFED4E1AC9} = {197629C7-B15A-460D-BB63-1A36CE0E61F0}
		{8EE47C1C-2315-43F6-A9F3-0E431854D411} = {197629C7-B15A-460D-BB63-1A36CE0E61F0}
		{9B1E838D-8956-4248-AF86-2C2ED29CB05D} = {540FA6B8-0984-4771-949F-8ACDD5326C12}
		{FCB3C06F-B42B-4A2E-8694-5E93258E288E} = {9B1E838D-8956-4248-AF86-2C2ED29CB05D}
		{76A4F8E6-2187-4EBF-B8AB-54ACD191C317} = {9B1E838D-8956-4248-AF86-2C2ED29CB05D}
		{B5CA6CF3-D3AE-402A-AEAF-47981EAE8E07} = {9B1E838D-8956-4248-AF86-2C2ED29CB05D}
		{BF2983D8-FA22-41D1-816F-0762E176CA0D} = {9B1E838D-8956-4248-AF86-2C2ED29CB05D}
		{FD3FBACB-86E9-4463-9E2D-3F5B9A9935FD} = {9B1E838D-8956-4248-AF86-2C2ED29CB05D}
		{53868C83-6CCF-49A1-8D4F-CE6D11E84F70} = {9B1E838D-8956-4248-AF86-2C2ED29CB05D}
	EndGlobalSection
	GlobalSection(ExtensibilityGlobals) = postSolution
		SolutionGuid = {741AE677-EE6D-4DB5-A45A-31DA88D46C02}
	EndGlobalSection
EndGlobal
